
Microsoft Visual Studio Solution File, Format Version 12.00
# Visual Studio 2013
VisualStudioVersion = 12.0.31101.0
MinimumVisualStudioVersion = 10.0.40219.1
Project("{FAE04EC0-301F-11D3-BF4B-00C04F79EFBC}") = "MalikP.IMHD.Parser", "MalikP.IMHD.Parser\MalikP.IMHD.Parser.csproj", "{30664FF8-BADB-4EB6-A1BF-7299C1B16514}"
EndProject
Project("{FAE04EC0-301F-11D3-BF4B-00C04F79EFBC}") = "MalikP.IMHD.Parser.UnitTest", "MalikP.IMHD.Parser.UnitTest\MalikP.IMHD.Parser.UnitTest.csproj", "{4B787B7F-DC79-4211-BB13-D45DD12F1811}"
EndProject
Project("{2150E333-8FDC-42A3-9474-1A3956D46DE8}") = "Solution Items", "Solution Items", "{9D6A0528-546E-44EF-8296-F0D8CE237CC9}"
	ProjectSection(SolutionItems) = preProject
		NuGet.config = NuGet.config
	EndProjectSection
EndProject
Global
	GlobalSection(TeamFoundationVersionControl) = preSolution
		SccNumberOfProjects = 3
		SccEnterpriseProvider = {4CA58AB2-18FA-4F8D-95D4-32DDF27D184C}
		SccTeamFoundationServer = http://tfs.malikp.eu:8080/tfs/defaultcollection
		SccLocalPath0 = .
		SccProjectUniqueName1 = MalikP.IMHD.Parser.UnitTest\\MalikP.IMHD.Parser.UnitTest.csproj
		SccProjectName1 = MalikP.IMHD.Parser.UnitTest
		SccLocalPath1 = MalikP.IMHD.Parser.UnitTest
		SccProjectUniqueName2 = MalikP.IMHD.Parser\\MalikP.IMHD.Parser.csproj
		SccProjectName2 = MalikP.IMHD.Parser
		SccLocalPath2 = MalikP.IMHD.Parser
	EndGlobalSection
	GlobalSection(SolutionConfigurationPlatforms) = preSolution
		Debug|Any CPU = Debug|Any CPU
		Release|Any CPU = Release|Any CPU
	EndGlobalSection
	GlobalSection(ProjectConfigurationPlatforms) = postSolution
		{30664FF8-BADB-4EB6-A1BF-7299C1B16514}.Debug|Any CPU.ActiveCfg = Debug|Any CPU
		{30664FF8-BADB-4EB6-A1BF-7299C1B16514}.Debug|Any CPU.Build.0 = Debug|Any CPU
		{30664FF8-BADB-4EB6-A1BF-7299C1B16514}.Release|Any CPU.ActiveCfg = Release|Any CPU
		{30664FF8-BADB-4EB6-A1BF-7299C1B16514}.Release|Any CPU.Build.0 = Release|Any CPU
		{4B787B7F-DC79-4211-BB13-D45DD12F1811}.Debug|Any CPU.ActiveCfg = Debug|Any CPU
		{4B787B7F-DC79-4211-BB13-D45DD12F1811}.Debug|Any CPU.Build.0 = Debug|Any CPU
		{4B787B7F-DC79-4211-BB13-D45DD12F1811}.Release|Any CPU.ActiveCfg = Release|Any CPU
		{4B787B7F-DC79-4211-BB13-D45DD12F1811}.Release|Any CPU.Build.0 = Release|Any CPU
	EndGlobalSection
	GlobalSection(SolutionProperties) = preSolution
		HideSolutionNode = FALSE
	EndGlobalSection
EndGlobal
